// !$*UTF8*$!
{
	archiveVersion = 1;
	classes = {
	};
	objectVersion = 46;
	objects = {
/* Begin PBXBuildFile section */
		A1001001FFFFFFFFFFFFFFFFFFFFFFFF /* AppDelegate.swift in Sources */ = {isa = PBXBuildFile; fileRef = A1001002FFFFFFFFFFFFFFFFFFFFFFFF /* AppDelegate.swift */; };
		A1001003FFFFFFFFFFFFFFFFFFFFFFFF /* SceneDelegate.swift in Sources */ = {isa = PBXBuildFile; fileRef = A1001004FFFFFFFFFFFFFFFFFFFFFFFF /* SceneDelegate.swift */; };
		A1001005FFFFFFFFFFFFFFFFFFFFFFFF /* HoldButtonViewController.swift in Sources */ = {isa = PBXBuildFile; fileRef = A1001006FFFFFFFFFFFFFFFFFFFFFFFF /* HoldButtonViewController.swift */; };
		A1001007FFFFFFFFFFFFFFFFFFFFFFFF /* HoldButtonView.swift in Sources */ = {isa = PBXBuildFile; fileRef = A1001008FFFFFFFFFFFFFFFFFFFFFFFF /* HoldButtonView.swift */; };
		A1001009FFFFFFFFFFFFFFFFFFFFFFFF /* CanvasView.swift in Sources */ = {isa = PBXBuildFile; fileRef = A100100AFFFFFFFFFFFFFFFFFFFFFFFF /* CanvasView.swift */; };
		A100100BFFFFFFFFFFFFFFFFFFFFFFFF /* Colors.swift in Sources */ = {isa = PBXBuildFile; fileRef = A100100CFFFFFFFFFFFFFFFFFFFFFFFF /* Colors.swift */; };
		A100100DFFFFFFFFFFFFFFFFFFFFFFFF /* Info.plist in Resources */ = {isa = PBXBuildFile; fileRef = A100100EFFFFFFFFFFFFFFFFFFFFFFFF /* Info.plist */; };
		A100100FFFFFFFFFFFFFFFFFFFFF001 /* UIKit.framework in Frameworks */ = {isa = PBXBuildFile; fileRef = A100100FFFFFFFFFFFFFFFFFFFFF002 /* UIKit.framework */; };
		A100100FFFFFFFFFFFFFFFFFFFFF003 /* Foundation.framework in Frameworks */ = {isa = PBXBuildFile; fileRef = A100100FFFFFFFFFFFFFFFFFFFFF004 /* Foundation.framework */; };
		A100100FFFFFFFFFFFFFFFFFFFFF005 /* CoreGraphics.framework in Frameworks */ = {isa = PBXBuildFile; fileRef = A100100FFFFFFFFFFFFFFFFFFFFF006 /* CoreGraphics.framework */; };
		A100100FFFFFFFFFFFFFFFFFFFFF007 /* AVFoundation.framework in Frameworks */ = {isa = PBXBuildFile; fileRef = A100100FFFFFFFFFFFFFFFFFFFFF008 /* AVFoundation.framework */; };
/* End PBXBuildFile section */
/* Begin PBXFileReference section */
		A1000F00FFFFFFFFFFFFFFFFFFFFFFFF /* Nowhere.app */ = {isa = PBXFileReference; explicitFileType = wrapper.application; includeInIndex = 0; path = Nowhere.app; sourceTree = BUILT_PRODUCTS_DIR; };
		A1001002FFFFFFFFFFFFFFFFFFFFFFFF /* AppDelegate.swift */ = {isa = PBXFileReference; lastKnownFileType = sourcecode.swift; path = AppDelegate.swift; sourceTree = SOURCE_ROOT; };
		A1001004FFFFFFFFFFFFFFFFFFFFFFFF /* SceneDelegate.swift */ = {isa = PBXFileReference; lastKnownFileType = sourcecode.swift; path = SceneDelegate.swift; sourceTree = SOURCE_ROOT; };
		A1001006FFFFFFFFFFFFFFFFFFFFFFFF /* HoldButtonViewController.swift */ = {isa = PBXFileReference; lastKnownFileType = sourcecode.swift; path = HoldButtonViewController.swift; sourceTree = SOURCE_ROOT; };
		A1001008FFFFFFFFFFFFFFFFFFFFFFFF /* HoldButtonView.swift */ = {isa = PBXFileReference; lastKnownFileType = sourcecode.swift; path = HoldButtonView.swift; sourceTree = SOURCE_ROOT; };
		A100100AFFFFFFFFFFFFFFFFFFFFFFFF /* CanvasView.swift */ = {isa = PBXFileReference; lastKnownFileType = sourcecode.swift; path = CanvasView.swift; sourceTree = SOURCE_ROOT; };
		A100100CFFFFFFFFFFFFFFFFFFFFFFFF /* Colors.swift */ = {isa = PBXFileReference; lastKnownFileType = sourcecode.swift; path = Colors.swift; sourceTree = SOURCE_ROOT; };
		A100100EFFFFFFFFFFFFFFFFFFFFFFFF /* Info.plist */ = {isa = PBXFileReference; lastKnownFileType = text.plist.xml; path = Info.plist; sourceTree = SOURCE_ROOT; };
		A100100FFFFFFFFFFFFFFFFFFFFF002 /* UIKit.framework */ = {isa = PBXFileReference; lastKnownFileType = wrapper.framework; name = UIKit.framework; path = System/Library/Frameworks/UIKit.framework; sourceTree = SDKROOT; };
		A100100FFFFFFFFFFFFFFFFFFFFF004 /* Foundation.framework */ = {isa = PBXFileReference; lastKnownFileType = wrapper.framework; name = Foundation.framework; path = System/Library/Frameworks/Foundation.framework; sourceTree = SDKROOT; };
		A100100FFFFFFFFFFFFFFFFFFFFF006 /* CoreGraphics.framework */ = {isa = PBXFileReference; lastKnownFileType = wrapper.framework; name = CoreGraphics.framework; path = System/Library/Frameworks/CoreGraphics.framework; sourceTree = SDKROOT; };
		A100100FFFFFFFFFFFFFFFFFFFFF008 /* AVFoundation.framework */ = {isa = PBXFileReference; lastKnownFileType = wrapper.framework; name = AVFoundation.framework; path = System/Library/Frameworks/AVFoundation.framework; sourceTree = SDKROOT; };
/* End PBXFileReference section */
/* Begin PBXFrameworksBuildPhase section */
		A100100FFFFFFFFFFFFFFFFFFFFF100 /* Frameworks */ = {
			isa = PBXFrameworksBuildPhase;
			buildActionMask = 2147483647;
			files = (
				A100100FFFFFFFFFFFFFFFFFFFFF001 /* UIKit.framework in Frameworks */,
				A100100FFFFFFFFFFFFFFFFFFFFF003 /* Foundation.framework in Frameworks */,
				A100100FFFFFFFFFFFFFFFFFFFFF005 /* CoreGraphics.framework in Frameworks */,
				A100100FFFFFFFFFFFFFFFFFFFFF007 /* AVFoundation.framework in Frameworks */,
			);
			runOnlyForDeploymentPostprocessing = 0;
		};
/* End PBXFrameworksBuildPhase section */
/* Begin PBXGroup section */
		A100100FFFFFFFFFFFFFFFFFFFFF200 /* Nowhere */ = {
			isa = PBXGroup;
			children = (
				A1001002FFFFFFFFFFFFFFFFFFFFFFFF /* AppDelegate.swift */,
				A1001004FFFFFFFFFFFFFFFFFFFFFFFF /* SceneDelegate.swift */,
				A1001006FFFFFFFFFFFFFFFFFFFFFFFF /* HoldButtonViewController.swift */,
				A1001008FFFFFFFFFFFFFFFFFFFFFFFF /* HoldButtonView.swift */,
				A100100AFFFFFFFFFFFFFFFFFFFFFFFF /* CanvasView.swift */,
				A100100CFFFFFFFFFFFFFFFFFFFFFFFF /* Colors.swift */,
				A100100EFFFFFFFFFFFFFFFFFFFFFFFF /* Info.plist */,
			);
			path = NowNative;
			sourceTree = SOURCE_ROOT;
		};
		A100100FFFFFFFFFFFFFFFFFFFFF300 /* Frameworks */ = {
			isa = PBXGroup;
			children = (
				A100100FFFFFFFFFFFFFFFFFFFFF002 /* UIKit.framework */,
				A100100FFFFFFFFFFFFFFFFFFFFF004 /* Foundation.framework */,
				A100100FFFFFFFFFFFFFFFFFFFFF006 /* CoreGraphics.framework */,
				A100100FFFFFFFFFFFFFFFFFFFFF008 /* AVFoundation.framework */,
			);
			name = Frameworks;
			sourceTree = "<group>";
		};
		A100100FFFFFFFFFFFFFFFFFFFFF400 = {
			isa = PBXGroup;
			children = (
				A100100FFFFFFFFFFFFFFFFFFFFF200 /* Nowhere */,
				A100100FFFFFFFFFFFFFFFFFFFFF300 /* Frameworks */,
				A100100FFFFFFFFFFFFFFFFFFFFF500,
			);
			sourceTree = "<group>";
		};
		A100100FFFFFFFFFFFFFFFFFFFFF500 = {
			isa = PBXGroup;
			children = (
				A1000F00FFFFFFFFFFFFFFFFFFFFFFFF /* Nowhere.app */,
			);
			name = Products;
			sourceTree = "<group>";
		};
/* End PBXGroup section */
/* Begin PBXNativeTarget section */
		A100100FFFFFFFFFFFFFFFFFFFFF600 /* Nowhere */ = {
			isa = PBXNativeTarget;
			buildConfigurationList = A100100FFFFFFFFFFFFFFFFFFFFF900;
			buildPhases = (
				A100100FFFFFFFFFFFFFFFFFFFFF700 /* Sources */,
				A100100FFFFFFFFFFFFFFFFFFFFF100 /* Frameworks */,
				A100100FFFFFFFFFFFFFFFFFFFFF800 /* Resources */,
			);
			buildRules = (
			);
			dependencies = (
			);
			name = Nowhere;
			productName = Nowhere;
			productReference = A1000F00FFFFFFFFFFFFFFFFFFFFFFFF /* Nowhere.app */;
			productType = "com.apple.product-type.application";
		};
/* End PBXNativeTarget section */
/* Begin PBXProject section */
		A100100FFFFFFFFFFFFFFFFFFFFF401 /* Project object */ = {
			isa = PBXProject;
			attributes = {
				LastUpgradeCheck = 1500;
				TargetAttributes = {
					A100100FFFFFFFFFFFFFFFFFFFFF600 = {
						CreatedOnToolsVersion = 15.0;
					};
				};
			};
			buildConfigurationList = A100100FFFFFFFFFFFFFFFFFFFFF600;
			compatibilityVersion = "Xcode 9.3";
			developmentRegion = en;
			hasScannedForEncodings = 0;
			knownRegions = (
				en,
			);
			mainGroup = A100100FFFFFFFFFFFFFFFFFFFFF400;
			productRefGroup = A100100FFFFFFFFFFFFFFFFFFFFF500;
			projectDirPath = "";
			projectRoot = "";
			targets = (
				A100100FFFFFFFFFFFFFFFFFFFFF600 /* Nowhere */,
			);
		};
/* End PBXProject section */
/* Begin PBXResourcesBuildPhase section */
		A100100FFFFFFFFFFFFFFFFFFFFF800 /* Resources */ = {
			isa = PBXResourcesBuildPhase;
			buildActionMask = 2147483647;
			files = (
				A100100DFFFFFFFFFFFFFFFFFFFFFFFF /* Info.plist in Resources */,
			);
			runOnlyForDeploymentPostprocessing = 0;
		};
/* End PBXResourcesBuildPhase section */
/* Begin PBXSourcesBuildPhase section */
		A100100FFFFFFFFFFFFFFFFFFFFF700 /* Sources */ = {
			isa = PBXSourcesBuildPhase;
			buildActionMask = 2147483647;
			files = (
				A1001001FFFFFFFFFFFFFFFFFFFFFFFF /* AppDelegate.swift in Sources */,
				A1001003FFFFFFFFFFFFFFFFFFFFFFFF /* SceneDelegate.swift in Sources */,
				A1001005FFFFFFFFFFFFFFFFFFFFFFFF /* HoldButtonViewController.swift in Sources */,
				A1001007FFFFFFFFFFFFFFFFFFFFFFFF /* HoldButtonView.swift in Sources */,
				A1001009FFFFFFFFFFFFFFFFFFFFFFFF /* CanvasView.swift in Sources */,
				A100100BFFFFFFFFFFFFFFFFFFFFFFFF /* Colors.swift in Sources */,
			);
			runOnlyForDeploymentPostprocessing = 0;
		};
/* End PBXSourcesBuildPhase section */
/* Begin XCBuildConfiguration section */
		A100100FFFFFFFFFFFFFFFFFFFFF010 /* Debug */ = {
			isa = XCBuildConfiguration;
			buildSettings = {
				ALWAYS_SEARCH_USER_PATHS = NO;
				CLANG_ANALYZER_NONNULL = YES;
				CLANG_ENABLE_MODULES = YES;
				CLANG_ENABLE_OBJC_ARC = YES;
				CLANG_WARN_BOOL_CONVERSION = YES;
				CLANG_WARN_CONSTANT_CONVERSION = YES;
				CLANG_WARN_DEPRECATED_OBJC_METHODS = YES;
				CLANG_WARN_EMPTY_BODY = YES;
				CLANG_WARN_ENUM_CONVERSION = YES;
				CLANG_WARN_INFINITE_RECURSION = YES;
				CLANG_WARN_INT_CONVERSION = YES;
				CLANG_WARN_NON_LITERAL_NULL_CONVERSION = YES;
				CLANG_WARN_OBJC_LITERAL_CONVERSION = YES;
				CLANG_WARN_OBJC_ROOT_CLASS = YES_ERROR;
				CLANG_WARN_RANGE_LOOP_ANALYSIS = YES;
				CLANG_WARN_STRICT_PROTOTYPES = YES;
				CLANG_WARN_SUSPICIOUS_MOVE = YES;
				CLANG_WARN_UNREACHABLE_CODE = YES;
				CLANG_WARN__DUPLICATE_METHOD_MATCH = YES;
				COPY_PHASE_STRIP = NO;
				DEBUG_INFORMATION_FORMAT = dwarf;
				ENABLE_STRICT_OBJC_MSGSEND = YES;
				ENABLE_TESTABILITY = YES;
				GCC_DYNAMIC_NO_PIC = NO;
				GCC_NO_COMMON_BLOCKS = YES;
				GCC_OPTIMIZATION_LEVEL = 0;
				GCC_PREPROCESSOR_DEFINITIONS = (
					"DEBUG=1",
					"$(inherited)",
				);
				GCC_WARN_64_TO_32_BIT_CONVERSION = YES;
				GCC_WARN_ABOUT_RETURN_TYPE = YES_ERROR;
				GCC_WARN_UNDECLARED_SELECTOR = YES;
				GCC_WARN_UNINITIALIZED_AUTOS = YES_AGGRESSIVE;
				GCC_WARN_UNUSED_FUNCTION = YES;
				GCC_WARN_UNUSED_VARIABLE = YES;
				IPHONEOS_DEPLOYMENT_TARGET = 13.0;
				MTL_ENABLE_DEBUG_INFO = INCLUDE_SOURCE;
				MTL_FAST_MATH = YES;
				ONLY_ACTIVE_ARCH = YES;
				SDKROOT = iphoneos;
				SWIFT_ACTIVE_COMPILATION_CONDITIONS = DEBUG;
				SWIFT_OPTIMIZATION_LEVEL = "-Onone";
				SWIFT_VERSION = 5.0;
			};
			name = Debug;
		};
		A100100FFFFFFFFFFFFFFFFFFFFF011 /* Release */ = {
			isa = XCBuildConfiguration;
			buildSettings = {
				ALWAYS_SEARCH_USER_PATHS = NO;
				CLANG_ANALYZER_NONNULL = YES;
				CLANG_ENABLE_MODULES = YES;
				CLANG_ENABLE_OBJC_ARC = YES;
				CLANG_WARN_BOOL_CONVERSION = YES;
				CLANG_WARN_CONSTANT_CONVERSION = YES;
				CLANG_WARN_DEPRECATED_OBJC_METHODS = YES;
				CLANG_WARN_EMPTY_BODY = YES;
				CLANG_WARN_ENUM_CONVERSION = YES;
				CLANG_WARN_INFINITE_RECURSION = YES;
				CLANG_WARN_INT_CONVERSION = YES;
				CLANG_WARN_NON_LITERAL_NULL_CONVERSION = YES;
				CLANG_WARN_OBJC_LITERAL_CONVERSION = YES;
				CLANG_WARN_OBJC_ROOT_CLASS = YES_ERROR;
				CLANG_WARN_RANGE_LOOP_ANALYSIS = YES;
				CLANG_WARN_STRICT_PROTOTYPES = YES;
				CLANG_WARN_SUSPICIOUS_MOVE = YES;
				CLANG_WARN_UNREACHABLE_CODE = YES;
				CLANG_WARN__DUPLICATE_METHOD_MATCH = YES;
				COPY_PHASE_STRIP = NO;
				DEBUG_INFORMATION_FORMAT = "dwarf-with-dsym";
				ENABLE_NS_ASSERTIONS = NO;
				ENABLE_STRICT_OBJC_MSGSEND = YES;
				GCC_NO_COMMON_BLOCKS = YES;
				GCC_WARN_64_TO_32_BIT_CONVERSION = YES;
				GCC_WARN_ABOUT_RETURN_TYPE = YES_ERROR;
				GCC_WARN_UNDECLARED_SELECTOR = YES;
				GCC_WARN_UNINITIALIZED_AUTOS = YES_AGGRESSIVE;
				GCC_WARN_UNUSED_FUNCTION = YES;
				GCC_WARN_UNUSED_VARIABLE = YES;
				IPHONEOS_DEPLOYMENT_TARGET = 13.0;
				MTL_ENABLE_DEBUG_INFO = NO;
				MTL_FAST_MATH = YES;
				SDKROOT = iphoneos;
				SWIFT_COMPILATION_MODE = wholemodule;
				SWIFT_OPTIMIZATION_LEVEL = "-O";
				SWIFT_VERSION = 5.0;
				VALIDATE_PRODUCT = YES;
			};
			name = Release;
		};
		A100100FFFFFFFFFFFFFFFFFFFFF020 /* Debug */ = {
			isa = XCBuildConfiguration;
			buildSettings = {
				ASSETCATALOG_COMPILER_APPICON_NAME = AppIcon;
				BUNDLE_IDENTIFIER = "club.nowhere.app";
				CODE_SIGN_STYLE = Automatic;
				CURRENT_PROJECT_VERSION = 1;
				GENERATE_INFOPLIST_FILE = YES;
				INFOPLIST_FILE = "$(SRCROOT)/NowNative/Supporting/Info.plist";
				IPHONEOS_DEPLOYMENT_TARGET = 13.0;
				LD_RUNPATH_SEARCH_PATHS = (
					"$(inherited)",
					"@executable_path/Frameworks",
				);
				MARKETING_VERSION = 1.0;
				PRODUCT_BUNDLE_IDENTIFIER = "club.nowhere.app";
				PRODUCT_NAME = Nowhere;
				SWIFT_EMIT_LOC_STRINGS = YES;
				SWIFT_VERSION = 5.0;
				TARGETED_DEVICE_FAMILY = 1;
			};
			name = Debug;
		};
		A100100FFFFFFFFFFFFFFFFFFFFF021 /* Release */ = {
			isa = XCBuildConfiguration;
			buildSettings = {
				ASSETCATALOG_COMPILER_APPICON_NAME = AppIcon;
				BUNDLE_IDENTIFIER = "club.nowhere.app";
				CODE_SIGN_STYLE = Automatic;
				CURRENT_PROJECT_VERSION = 1;
				GENERATE_INFOPLIST_FILE = YES;
				INFOPLIST_FILE = "$(SRCROOT)/NowNative/Supporting/Info.plist";
				IPHONEOS_DEPLOYMENT_TARGET = 13.0;
				LD_RUNPATH_SEARCH_PATHS = (
					"$(inherited)",
					"@executable_path/Frameworks",
				);
				MARKETING_VERSION = 1.0;
				PRODUCT_BUNDLE_IDENTIFIER = "club.nowhere.app";
				PRODUCT_NAME = Nowhere;
				SWIFT_EMIT_LOC_STRINGS = YES;
				SWIFT_VERSION = 5.0;
				TARGETED_DEVICE_FAMILY = 1;
			};
			name = Release;
		};
/* End XCBuildConfiguration section */
/* Begin XCConfigurationList section */
		A100100FFFFFFFFFFFFFFFFFFFFF600 /* Build configuration list for PBXProject "Nowhere" */ = {
			isa = XCConfigurationList;
			buildConfigurations = (
				A100100FFFFFFFFFFFFFFFFFFFFF010 /* Debug */,
				A100100FFFFFFFFFFFFFFFFFFFFF011 /* Release */,
			);
			defaultConfigurationIsVisible = 0;
			defaultConfigurationName = Release;
		};
		A100100FFFFFFFFFFFFFFFFFFFFF900 /* Build configuration list for PBXNativeTarget "Nowhere" */ = {
			isa = XCConfigurationList;
			buildConfigurations = (
				A100100FFFFFFFFFFFFFFFFFFFFF020 /* Debug */,
				A100100FFFFFFFFFFFFFFFFFFFFF021 /* Release */,
			);
			defaultConfigurationIsVisible = 0;
			defaultConfigurationName = Release;
		};
/* End XCConfigurationList section */
	};
	rootObject = A100100FFFFFFFFFFFFFFFFFFFFF401 /* Project object */;
}
